# This file is automatically @generated by Cargo.
# It is not intended for manual editing.
version = 3

[[package]]
name = "aoc-runner"
version = "0.3.0"
source = "registry+https://github.com/rust-lang/crates.io-index"
checksum = "d21ef9204ad206a5a3e918e9920da04e1118ad91ce4f23570be964b9d6b9dfcb"

[[package]]
name = "aoc-runner-derive"
version = "0.3.0"
source = "registry+https://github.com/rust-lang/crates.io-index"
checksum = "ba8b944269d3fee645d281b1335e1797044db497bb02d0098cc3fdb8900069cc"
dependencies = [
 "aoc-runner-internal",
 "proc-macro2",
 "quote",
 "syn",
]

[[package]]
name = "aoc-runner-internal"
version = "0.1.0"
source = "registry+https://github.com/rust-lang/crates.io-index"
checksum = "274b0ba7f3669a45ec0aaacf94eb032a749de880ab776091576cca94037c9982"
dependencies = [
 "serde",
 "serde_derive",
 "serde_json",
]

[[package]]
name = "aoc2021"
version = "0.1.0"
dependencies = [
 "aoc-runner",
 "aoc-runner-derive",
 "either",
]

[[package]]
name = "either"
version = "1.6.1"
source = "registry+https://github.com/rust-lang/crates.io-index"
checksum = "e78d4f1cc4ae33bbfc157ed5d5a5ef3bc29227303d595861deb238fcec4e9457"

[[package]]
name = "itoa"
version = "0.4.8"
source = "registry+https://github.com/rust-lang/crates.io-index"
checksum = "b71991ff56294aa922b450139ee08b3bfc70982c6b2c7562771375cf73542dd4"

[[package]]
name = "proc-macro2"
version = "1.0.33"
source = "registry+https://github.com/rust-lang/crates.io-index"
checksum = "fb37d2df5df740e582f28f8560cf425f52bb267d872fe58358eadb554909f07a"
dependencies = [
 "unicode-xid",
]

[[package]]
name = "quote"
version = "1.0.10"
source = "registry+https://github.com/rust-lang/crates.io-index"
checksum = "38bc8cc6a5f2e3655e0899c1b848643b2562f853f114bfec7be120678e3ace05"
dependencies = [
 "proc-macro2",
]

[[package]]
name = "ryu"
version = "1.0.6"
source = "registry+https://github.com/rust-lang/crates.io-index"
checksum = "3c9613b5a66ab9ba26415184cfc41156594925a9cf3a2057e57f31ff145f6568"

[[package]]
name = "serde"
version = "1.0.131"
source = "registry+https://github.com/rust-lang/crates.io-index"
checksum = "b4ad69dfbd3e45369132cc64e6748c2d65cdfb001a2b1c232d128b4ad60561c1"

[[package]]
name = "serde_derive"
version = "1.0.131"
source = "registry+https://github.com/rust-lang/crates.io-index"
checksum = "b710a83c4e0dff6a3d511946b95274ad9ca9e5d3ae497b63fda866ac955358d2"
dependencies = [
 "proc-macro2",
 "quote",
 "syn",
]

[[package]]
name = "serde_json"
version = "1.0.72"
source = "registry+https://github.com/rust-lang/crates.io-index"
checksum = "d0ffa0837f2dfa6fb90868c2b5468cad482e175f7dad97e7421951e663f2b527"
dependencies = [
 "itoa",
 "ryu",
 "serde",
]

[[package]]
name = "syn"
version = "1.0.82"
source = "registry+https://github.com/rust-lang/crates.io-index"
checksum = "8daf5dd0bb60cbd4137b1b587d2fc0ae729bc07cf01cd70b36a1ed5ade3b9d59"
dependencies = [
 "proc-macro2",
 "quote",
 "unicode-xid",
]

[[package]]
name = "unicode-xid"
version = "0.2.2"
source = "registry+https://github.com/rust-lang/crates.io-index"
checksum = "8ccb82d61f80a663efe1f787a51b16b5a51e3314d6ac365b08639f52387b33f3"
